
Microsoft Visual Studio Solution File, Format Version 11.00
# Visual Studio 2010
Project("{FAE04EC0-301F-11D3-BF4B-00C04F79EFBC}") = "Assembly-CSharp", "Assembly-CSharp.csproj", "{9695bee7-ffae-4072-8073-85cc23538320}"
EndProject
Project("{FAE04EC0-301F-11D3-BF4B-00C04F79EFBC}") = "Assembly-CSharp-Editor", "Assembly-CSharp-Editor.csproj", "{db46c518-442c-87a5-82e8-cb37467fc638}"
EndProject
Project("{FAE04EC0-301F-11D3-BF4B-00C04F79EFBC}") = "Assembly-CSharp-firstpass", "Assembly-CSharp-firstpass.csproj", "{e45d4b3c-75ce-8f92-f3c1-1b5fd005ee6b}"
EndProject
Global
	GlobalSection(SolutionConfigurationPlatforms) = preSolution
		Debug|Any CPU = Debug|Any CPU
	EndGlobalSection
	GlobalSection(ProjectConfigurationPlatforms) = postSolution
		{9695bee7-ffae-4072-8073-85cc23538320}.Debug|Any CPU.ActiveCfg = Debug|Any CPU
		{9695bee7-ffae-4072-8073-85cc23538320}.Debug|Any CPU.Build.0 = Debug|Any CPU
		{db46c518-442c-87a5-82e8-cb37467fc638}.Debug|Any CPU.ActiveCfg = Debug|Any CPU
		{db46c518-442c-87a5-82e8-cb37467fc638}.Debug|Any CPU.Build.0 = Debug|Any CPU
		{e45d4b3c-75ce-8f92-f3c1-1b5fd005ee6b}.Debug|Any CPU.ActiveCfg = Debug|Any CPU
		{e45d4b3c-75ce-8f92-f3c1-1b5fd005ee6b}.Debug|Any CPU.Build.0 = Debug|Any CPU
	EndGlobalSection
	GlobalSection(SolutionProperties) = preSolution
		HideSolutionNode = FALSE
	EndGlobalSection
EndGlobal
